// !$*UTF8*$!
{
	archiveVersion = 1;
	classes = {
	};
	objectVersion = 46;
	objects = {

/* Begin PBXBuildFile section */
		A555925E1BEA6ABF00BE3241 /* AppDelegate.swift in Sources */ = {isa = PBXBuildFile; fileRef = A555925D1BEA6ABF00BE3241 /* AppDelegate.swift */; };
		A55592601BEA6ABF00BE3241 /* ViewController.swift in Sources */ = {isa = PBXBuildFile; fileRef = A555925F1BEA6ABF00BE3241 /* ViewController.swift */; };
		A55592631BEA6ABF00BE3241 /* Main.storyboard in Resources */ = {isa = PBXBuildFile; fileRef = A55592611BEA6ABF00BE3241 /* Main.storyboard */; };
		A55592651BEA6ABF00BE3241 /* Assets.xcassets in Resources */ = {isa = PBXBuildFile; fileRef = A55592641BEA6ABF00BE3241 /* Assets.xcassets */; };
		A55592681BEA6ABF00BE3241 /* LaunchScreen.storyboard in Resources */ = {isa = PBXBuildFile; fileRef = A55592661BEA6ABF00BE3241 /* LaunchScreen.storyboard */; };
		A55592731BEA6ABF00BE3241 /* MyTodoListTests.swift in Sources */ = {isa = PBXBuildFile; fileRef = A55592721BEA6ABF00BE3241 /* MyTodoListTests.swift */; };
		A555927E1BEA6ABF00BE3241 /* MyTodoListUITests.swift in Sources */ = {isa = PBXBuildFile; fileRef = A555927D1BEA6ABF00BE3241 /* MyTodoListUITests.swift */; };
		A57B23421BEA8C5C00D3A6B6 /* TodoList.swift in Sources */ = {isa = PBXBuildFile; fileRef = A57B23411BEA8C5C00D3A6B6 /* TodoList.swift */; };
/* End PBXBuildFile section */

/* Begin PBXContainerItemProxy section */
		A555926F1BEA6ABF00BE3241 /* PBXContainerItemProxy */ = {
			isa = PBXContainerItemProxy;
			containerPortal = A55592521BEA6ABF00BE3241 /* Project object */;
			proxyType = 1;
			remoteGlobalIDString = A55592591BEA6ABF00BE3241;
			remoteInfo = MyTodoList;
		};
		A555927A1BEA6ABF00BE3241 /* PBXContainerItemProxy */ = {
			isa = PBXContainerItemProxy;
			containerPortal = A55592521BEA6ABF00BE3241 /* Project object */;
			proxyType = 1;
			remoteGlobalIDString = A55592591BEA6ABF00BE3241;
			remoteInfo = MyTodoList;
		};
/* End PBXContainerItemProxy section */

/* Begin PBXFileReference section */
		A555925A1BEA6ABF00BE3241 /* MyTodoList.app */ = {isa = PBXFileReference; explicitFileType = wrapper.application; includeInIndex = 0; path = MyTodoList.app; sourceTree = BUILT_PRODUCTS_DIR; };
		A555925D1BEA6ABF00BE3241 /* AppDelegate.swift */ = {isa = PBXFileReference; lastKnownFileType = sourcecode.swift; path = AppDelegate.swift; sourceTree = "<group>"; };
		A555925F1BEA6ABF00BE3241 /* ViewController.swift */ = {isa = PBXFileReference; lastKnownFileType = sourcecode.swift; path = ViewController.swift; sourceTree = "<group>"; };
		A55592621BEA6ABF00BE3241 /* Base */ = {isa = PBXFileReference; lastKnownFileType = file.storyboard; name = Base; path = Base.lproj/Main.storyboard; sourceTree = "<group>"; };
		A55592641BEA6ABF00BE3241 /* Assets.xcassets */ = {isa = PBXFileReference; lastKnownFileType = folder.assetcatalog; path = Assets.xcassets; sourceTree = "<group>"; };
		A55592671BEA6ABF00BE3241 /* Base */ = {isa = PBXFileReference; lastKnownFileType = file.storyboard; name = Base; path = Base.lproj/LaunchScreen.storyboard; sourceTree = "<group>"; };
		A55592691BEA6ABF00BE3241 /* Info.plist */ = {isa = PBXFileReference; lastKnownFileType = text.plist.xml; path = Info.plist; sourceTree = "<group>"; };
		A555926E1BEA6ABF00BE3241 /* MyTodoListTests.xctest */ = {isa = PBXFileReference; explicitFileType = wrapper.cfbundle; includeInIndex = 0; path = MyTodoListTests.xctest; sourceTree = BUILT_PRODUCTS_DIR; };
		A55592721BEA6ABF00BE3241 /* MyTodoListTests.swift */ = {isa = PBXFileReference; lastKnownFileType = sourcecode.swift; path = MyTodoListTests.swift; sourceTree = "<group>"; };
		A55592741BEA6ABF00BE3241 /* Info.plist */ = {isa = PBXFileReference; lastKnownFileType = text.plist.xml; path = Info.plist; sourceTree = "<group>"; };
		A55592791BEA6ABF00BE3241 /* MyTodoListUITests.xctest */ = {isa = PBXFileReference; explicitFileType = wrapper.cfbundle; includeInIndex = 0; path = MyTodoListUITests.xctest; sourceTree = BUILT_PRODUCTS_DIR; };
		A555927D1BEA6ABF00BE3241 /* MyTodoListUITests.swift */ = {isa = PBXFileReference; lastKnownFileType = sourcecode.swift; path = MyTodoListUITests.swift; sourceTree = "<group>"; };
		A555927F1BEA6ABF00BE3241 /* Info.plist */ = {isa = PBXFileReference; lastKnownFileType = text.plist.xml; path = Info.plist; sourceTree = "<group>"; };
		A57B23411BEA8C5C00D3A6B6 /* TodoList.swift */ = {isa = PBXFileReference; fileEncoding = 4; lastKnownFileType = sourcecode.swift; path = TodoList.swift; sourceTree = "<group>"; };
/* End PBXFileReference section */

/* Begin PBXFrameworksBuildPhase section */
		A55592571BEA6ABF00BE3241 /* Frameworks */ = {
			isa = PBXFrameworksBuildPhase;
			buildActionMask = 2147483647;
			files = (
			);
			runOnlyForDeploymentPostprocessing = 0;
		};
		A555926B1BEA6ABF00BE3241 /* Frameworks */ = {
			isa = PBXFrameworksBuildPhase;
			buildActionMask = 2147483647;
			files = (
			);
			runOnlyForDeploymentPostprocessing = 0;
		};
		A55592761BEA6ABF00BE3241 /* Frameworks */ = {
			isa = PBXFrameworksBuildPhase;
			buildActionMask = 2147483647;
			files = (
			);
			runOnlyForDeploymentPostprocessing = 0;
		};
/* End PBXFrameworksBuildPhase section */

/* Begin PBXGroup section */
		A55592511BEA6ABF00BE3241 = {
			isa = PBXGroup;
			children = (
				A555925C1BEA6ABF00BE3241 /* MyTodoList */,
				A55592711BEA6ABF00BE3241 /* MyTodoListTests */,
				A555927C1BEA6ABF00BE3241 /* MyTodoListUITests */,
				A555925B1BEA6ABF00BE3241 /* Products */,
			);
			sourceTree = "<group>";
		};
		A555925B1BEA6ABF00BE3241 /* Products */ = {
			isa = PBXGroup;
			children = (
				A555925A1BEA6ABF00BE3241 /* MyTodoList.app */,
				A555926E1BEA6ABF00BE3241 /* MyTodoListTests.xctest */,
				A55592791BEA6ABF00BE3241 /* MyTodoListUITests.xctest */,
			);
			name = Products;
			sourceTree = "<group>";
		};
		A555925C1BEA6ABF00BE3241 /* MyTodoList */ = {
			isa = PBXGroup;
			children = (
				A555925D1BEA6ABF00BE3241 /* AppDelegate.swift */,
				A555925F1BEA6ABF00BE3241 /* ViewController.swift */,
				A55592611BEA6ABF00BE3241 /* Main.storyboard */,
				A55592641BEA6ABF00BE3241 /* Assets.xcassets */,
				A55592661BEA6ABF00BE3241 /* LaunchScreen.storyboard */,
				A55592691BEA6ABF00BE3241 /* Info.plist */,
				A57B23411BEA8C5C00D3A6B6 /* TodoList.swift */,
			);
			path = MyTodoList;
			sourceTree = "<group>";
		};
		A55592711BEA6ABF00BE3241 /* MyTodoListTests */ = {
			isa = PBXGroup;
			children = (
				A55592721BEA6ABF00BE3241 /* MyTodoListTests.swift */,
				A55592741BEA6ABF00BE3241 /* Info.plist */,
			);
			path = MyTodoListTests;
			sourceTree = "<group>";
		};
		A555927C1BEA6ABF00BE3241 /* MyTodoListUITests */ = {
			isa = PBXGroup;
			children = (
				A555927D1BEA6ABF00BE3241 /* MyTodoListUITests.swift */,
				A555927F1BEA6ABF00BE3241 /* Info.plist */,
			);
			path = MyTodoListUITests;
			sourceTree = "<group>";
		};
/* End PBXGroup section */

/* Begin PBXNativeTarget section */
		A55592591BEA6ABF00BE3241 /* MyTodoList */ = {
			isa = PBXNativeTarget;
			buildConfigurationList = A55592821BEA6ABF00BE3241 /* Build configuration list for PBXNativeTarget "MyTodoList" */;
			buildPhases = (
				A55592561BEA6ABF00BE3241 /* Sources */,
				A55592571BEA6ABF00BE3241 /* Frameworks */,
				A55592581BEA6ABF00BE3241 /* Resources */,
			);
			buildRules = (
			);
			dependencies = (
			);
			name = MyTodoList;
			productName = MyTodoList;
			productReference = A555925A1BEA6ABF00BE3241 /* MyTodoList.app */;
			productType = "com.apple.product-type.application";
		};
		A555926D1BEA6ABF00BE3241 /* MyTodoListTests */ = {
			isa = PBXNativeTarget;
			buildConfigurationList = A55592851BEA6ABF00BE3241 /* Build configuration list for PBXNativeTarget "MyTodoListTests" */;
			buildPhases = (
				A555926A1BEA6ABF00BE3241 /* Sources */,
				A555926B1BEA6ABF00BE3241 /* Frameworks */,
				A555926C1BEA6ABF00BE3241 /* Resources */,
			);
			buildRules = (
			);
			dependencies = (
				A55592701BEA6ABF00BE3241 /* PBXTargetDependency */,
			);
			name = MyTodoListTests;
			productName = MyTodoListTests;
			productReference = A555926E1BEA6ABF00BE3241 /* MyTodoListTests.xctest */;
			productType = "com.apple.product-type.bundle.unit-test";
		};
		A55592781BEA6ABF00BE3241 /* MyTodoListUITests */ = {
			isa = PBXNativeTarget;
			buildConfigurationList = A55592881BEA6ABF00BE3241 /* Build configuration list for PBXNativeTarget "MyTodoListUITests" */;
			buildPhases = (
				A55592751BEA6ABF00BE3241 /* Sources */,
				A55592761BEA6ABF00BE3241 /* Frameworks */,
				A55592771BEA6ABF00BE3241 /* Resources */,
			);
			buildRules = (
			);
			dependencies = (
				A555927B1BEA6ABF00BE3241 /* PBXTargetDependency */,
			);
			name = MyTodoListUITests;
			productName = MyTodoListUITests;
			productReference = A55592791BEA6ABF00BE3241 /* MyTodoListUITests.xctest */;
			productType = "com.apple.product-type.bundle.ui-testing";
		};
/* End PBXNativeTarget section */

/* Begin PBXProject section */
		A55592521BEA6ABF00BE3241 /* Project object */ = {
			isa = PBXProject;
			attributes = {
				LastSwiftUpdateCheck = 0710;
				LastUpgradeCheck = 0710;
				ORGANIZATIONNAME = "PiñataSoftware";
				TargetAttributes = {
					A55592591BEA6ABF00BE3241 = {
						CreatedOnToolsVersion = 7.1;
					};
					A555926D1BEA6ABF00BE3241 = {
						CreatedOnToolsVersion = 7.1;
						TestTargetID = A55592591BEA6ABF00BE3241;
					};
					A55592781BEA6ABF00BE3241 = {
						CreatedOnToolsVersion = 7.1;
						TestTargetID = A55592591BEA6ABF00BE3241;
					};
				};
			};
			buildConfigurationList = A55592551BEA6ABF00BE3241 /* Build configuration list for PBXProject "MyTodoList" */;
			compatibilityVersion = "Xcode 3.2";
			developmentRegion = English;
			hasScannedForEncodings = 0;
			knownRegions = (
				en,
				Base,
			);
			mainGroup = A55592511BEA6ABF00BE3241;
			productRefGroup = A555925B1BEA6ABF00BE3241 /* Products */;
			projectDirPath = "";
			projectRoot = "";
			targets = (
				A55592591BEA6ABF00BE3241 /* MyTodoList */,
				A555926D1BEA6ABF00BE3241 /* MyTodoListTests */,
				A55592781BEA6ABF00BE3241 /* MyTodoListUITests */,
			);
		};
/* End PBXProject section */

/* Begin PBXResourcesBuildPhase section */
		A55592581BEA6ABF00BE3241 /* Resources */ = {
			isa = PBXResourcesBuildPhase;
			buildActionMask = 2147483647;
			files = (
				A55592681BEA6ABF00BE3241 /* LaunchScreen.storyboard in Resources */,
				A55592651BEA6ABF00BE3241 /* Assets.xcassets in Resources */,
				A55592631BEA6ABF00BE3241 /* Main.storyboard in Resources */,
			);
			runOnlyForDeploymentPostprocessing = 0;
		};
		A555926C1BEA6ABF00BE3241 /* Resources */ = {
			isa = PBXResourcesBuildPhase;
			buildActionMask = 2147483647;
			files = (
			);
			runOnlyForDeploymentPostprocessing = 0;
		};
		A55592771BEA6ABF00BE3241 /* Resources */ = {
			isa = PBXResourcesBuildPhase;
			buildActionMask = 2147483647;
			files = (
			);
			runOnlyForDeploymentPostprocessing = 0;
		};
/* End PBXResourcesBuildPhase section */

/* Begin PBXSourcesBuildPhase section */
		A55592561BEA6ABF00BE3241 /* Sources */ = {
			isa = PBXSourcesBuildPhase;
			buildActionMask = 2147483647;
			files = (
				A57B23421BEA8C5C00D3A6B6 /* TodoList.swift in Sources */,
				A55592601BEA6ABF00BE3241 /* ViewController.swift in Sources */,
				A555925E1BEA6ABF00BE3241 /* AppDelegate.swift in Sources */,
			);
			runOnlyForDeploymentPostprocessing = 0;
		};
		A555926A1BEA6ABF00BE3241 /* Sources */ = {
			isa = PBXSourcesBuildPhase;
			buildActionMask = 2147483647;
			files = (
				A55592731BEA6ABF00BE3241 /* MyTodoListTests.swift in Sources */,
			);
			runOnlyForDeploymentPostprocessing = 0;
		};
		A55592751BEA6ABF00BE3241 /* Sources */ = {
			isa = PBXSourcesBuildPhase;
			buildActionMask = 2147483647;
			files = (
				A555927E1BEA6ABF00BE3241 /* MyTodoListUITests.swift in Sources */,
			);
			runOnlyForDeploymentPostprocessing = 0;
		};
/* End PBXSourcesBuildPhase section */

/* Begin PBXTargetDependency section */
		A55592701BEA6ABF00BE3241 /* PBXTargetDependency */ = {
			isa = PBXTargetDependency;
			target = A55592591BEA6ABF00BE3241 /* MyTodoList */;
			targetProxy = A555926F1BEA6ABF00BE3241 /* PBXContainerItemProxy */;
		};
		A555927B1BEA6ABF00BE3241 /* PBXTargetDependency */ = {
			isa = PBXTargetDependency;
			target = A55592591BEA6ABF00BE3241 /* MyTodoList */;
			targetProxy = A555927A1BEA6ABF00BE3241 /* PBXContainerItemProxy */;
		};
/* End PBXTargetDependency section */

/* Begin PBXVariantGroup section */
		A55592611BEA6ABF00BE3241 /* Main.storyboard */ = {
			isa = PBXVariantGroup;
			children = (
				A55592621BEA6ABF00BE3241 /* Base */,
			);
			name = Main.storyboard;
			sourceTree = "<group>";
		};
		A55592661BEA6ABF00BE3241 /* LaunchScreen.storyboard */ = {
			isa = PBXVariantGroup;
			children = (
				A55592671BEA6ABF00BE3241 /* Base */,
			);
			name = LaunchScreen.storyboard;
			sourceTree = "<group>";
		};
/* End PBXVariantGroup section */

/* Begin XCBuildConfiguration section */
		A55592801BEA6ABF00BE3241 /* Debug */ = {
			isa = XCBuildConfiguration;
			buildSettings = {
				ALWAYS_SEARCH_USER_PATHS = NO;
				CLANG_CXX_LANGUAGE_STANDARD = "gnu++0x";
				CLANG_CXX_LIBRARY = "libc++";
				CLANG_ENABLE_MODULES = YES;
				CLANG_ENABLE_OBJC_ARC = YES;
				CLANG_WARN_BOOL_CONVERSION = YES;
				CLANG_WARN_CONSTANT_CONVERSION = YES;
				CLANG_WARN_DIRECT_OBJC_ISA_USAGE = YES_ERROR;
				CLANG_WARN_EMPTY_BODY = YES;
				CLANG_WARN_ENUM_CONVERSION = YES;
				CLANG_WARN_INT_CONVERSION = YES;
				CLANG_WARN_OBJC_ROOT_CLASS = YES_ERROR;
				CLANG_WARN_UNREACHABLE_CODE = YES;
				CLANG_WARN__DUPLICATE_METHOD_MATCH = YES;
				"CODE_SIGN_IDENTITY[sdk=iphoneos*]" = "iPhone Developer";
				COPY_PHASE_STRIP = NO;
				DEBUG_INFORMATION_FORMAT = dwarf;
				ENABLE_STRICT_OBJC_MSGSEND = YES;
				ENABLE_TESTABILITY = YES;
				GCC_C_LANGUAGE_STANDARD = gnu99;
				GCC_DYNAMIC_NO_PIC = NO;
				GCC_NO_COMMON_BLOCKS = YES;
				GCC_OPTIMIZATION_LEVEL = 0;
				GCC_PREPROCESSOR_DEFINITIONS = (
					"DEBUG=1",
					"$(inherited)",
				);
				GCC_WARN_64_TO_32_BIT_CONVERSION = YES;
				GCC_WARN_ABOUT_RETURN_TYPE = YES_ERROR;
				GCC_WARN_UNDECLARED_SELECTOR = YES;
				GCC_WARN_UNINITIALIZED_AUTOS = YES_AGGRESSIVE;
				GCC_WARN_UNUSED_FUNCTION = YES;
				GCC_WARN_UNUSED_VARIABLE = YES;
				IPHONEOS_DEPLOYMENT_TARGET = 9.1;
				MTL_ENABLE_DEBUG_INFO = YES;
				ONLY_ACTIVE_ARCH = YES;
				SDKROOT = iphoneos;
				SWIFT_OPTIMIZATION_LEVEL = "-Onone";
			};
			name = Debug;
		};
		A55592811BEA6ABF00BE3241 /* Release */ = {
			isa = XCBuildConfiguration;
			buildSettings = {
				ALWAYS_SEARCH_USER_PATHS = NO;
				CLANG_CXX_LANGUAGE_STANDARD = "gnu++0x";
				CLANG_CXX_LIBRARY = "libc++";
				CLANG_ENABLE_MODULES = YES;
				CLANG_ENABLE_OBJC_ARC = YES;
				CLANG_WARN_BOOL_CONVERSION = YES;
				CLANG_WARN_CONSTANT_CONVERSION = YES;
				CLANG_WARN_DIRECT_OBJC_ISA_USAGE = YES_ERROR;
				CLANG_WARN_EMPTY_BODY = YES;
				CLANG_WARN_ENUM_CONVERSION = YES;
				CLANG_WARN_INT_CONVERSION = YES;
				CLANG_WARN_OBJC_ROOT_CLASS = YES_ERROR;
				CLANG_WARN_UNREACHABLE_CODE = YES;
				CLANG_WARN__DUPLICATE_METHOD_MATCH = YES;
				"CODE_SIGN_IDENTITY[sdk=iphoneos*]" = "iPhone Developer";
				COPY_PHASE_STRIP = NO;
				DEBUG_INFORMATION_FORMAT = "dwarf-with-dsym";
				ENABLE_NS_ASSERTIONS = NO;
				ENABLE_STRICT_OBJC_MSGSEND = YES;
				GCC_C_LANGUAGE_STANDARD = gnu99;
				GCC_NO_COMMON_BLOCKS = YES;
				GCC_WARN_64_TO_32_BIT_CONVERSION = YES;
				GCC_WARN_ABOUT_RETURN_TYPE = YES_ERROR;
				GCC_WARN_UNDECLARED_SELECTOR = YES;
				GCC_WARN_UNINITIALIZED_AUTOS = YES_AGGRESSIVE;
				GCC_WARN_UNUSED_FUNCTION = YES;
				GCC_WARN_UNUSED_VARIABLE = YES;
				IPHONEOS_DEPLOYMENT_TARGET = 9.1;
				MTL_ENABLE_DEBUG_INFO = NO;
				SDKROOT = iphoneos;
				VALIDATE_PRODUCT = YES;
			};
			name = Release;
		};
		A55592831BEA6ABF00BE3241 /* Debug */ = {
			isa = XCBuildConfiguration;
			buildSettings = {
				ASSETCATALOG_COMPILER_APPICON_NAME = AppIcon;
				INFOPLIST_FILE = MyTodoList/Info.plist;
				LD_RUNPATH_SEARCH_PATHS = "$(inherited) @executable_path/Frameworks";
				PRODUCT_BUNDLE_IDENTIFIER = co.pinatasoftware.MyTodoList;
				PRODUCT_NAME = "$(TARGET_NAME)";
			};
			name = Debug;
		};
		A55592841BEA6ABF00BE3241 /* Release */ = {
			isa = XCBuildConfiguration;
			buildSettings = {
				ASSETCATALOG_COMPILER_APPICON_NAME = AppIcon;
				INFOPLIST_FILE = MyTodoList/Info.plist;
				LD_RUNPATH_SEARCH_PATHS = "$(inherited) @executable_path/Frameworks";
				PRODUCT_BUNDLE_IDENTIFIER = co.pinatasoftware.MyTodoList;
				PRODUCT_NAME = "$(TARGET_NAME)";
			};
			name = Release;
		};
		A55592861BEA6ABF00BE3241 /* Debug */ = {
			isa = XCBuildConfiguration;
			buildSettings = {
				BUNDLE_LOADER = "$(TEST_HOST)";
				INFOPLIST_FILE = MyTodoListTests/Info.plist;
				LD_RUNPATH_SEARCH_PATHS = "$(inherited) @executable_path/Frameworks @loader_path/Frameworks";
				PRODUCT_BUNDLE_IDENTIFIER = co.pinatasoftware.MyTodoListTests;
				PRODUCT_NAME = "$(TARGET_NAME)";
				TEST_HOST = "$(BUILT_PRODUCTS_DIR)/MyTodoList.app/MyTodoList";
			};
			name = Debug;
		};
		A55592871BEA6ABF00BE3241 /* Release */ = {
			isa = XCBuildConfiguration;
			buildSettings = {
				BUNDLE_LOADER = "$(TEST_HOST)";
				INFOPLIST_FILE = MyTodoListTests/Info.plist;
				LD_RUNPATH_SEARCH_PATHS = "$(inherited) @executable_path/Frameworks @loader_path/Frameworks";
				PRODUCT_BUNDLE_IDENTIFIER = co.pinatasoftware.MyTodoListTests;
				PRODUCT_NAME = "$(TARGET_NAME)";
				TEST_HOST = "$(BUILT_PRODUCTS_DIR)/MyTodoList.app/MyTodoList";
			};
			name = Release;
		};
		A55592891BEA6ABF00BE3241 /* Debug */ = {
			isa = XCBuildConfiguration;
			buildSettings = {
				INFOPLIST_FILE = MyTodoListUITests/Info.plist;
				LD_RUNPATH_SEARCH_PATHS = "$(inherited) @executable_path/Frameworks @loader_path/Frameworks";
				PRODUCT_BUNDLE_IDENTIFIER = co.pinatasoftware.MyTodoListUITests;
				PRODUCT_NAME = "$(TARGET_NAME)";
				TEST_TARGET_NAME = MyTodoList;
				USES_XCTRUNNER = YES;
			};
			name = Debug;
		};
		A555928A1BEA6ABF00BE3241 /* Release */ = {
			isa = XCBuildConfiguration;
			buildSettings = {
				INFOPLIST_FILE = MyTodoListUITests/Info.plist;
				LD_RUNPATH_SEARCH_PATHS = "$(inherited) @executable_path/Frameworks @loader_path/Frameworks";
				PRODUCT_BUNDLE_IDENTIFIER = co.pinatasoftware.MyTodoListUITests;
				PRODUCT_NAME = "$(TARGET_NAME)";
				TEST_TARGET_NAME = MyTodoList;
				USES_XCTRUNNER = YES;
			};
			name = Release;
		};
/* End XCBuildConfiguration section */

/* Begin XCConfigurationList section */
		A55592551BEA6ABF00BE3241 /* Build configuration list for PBXProject "MyTodoList" */ = {
			isa = XCConfigurationList;
			buildConfigurations = (
				A55592801BEA6ABF00BE3241 /* Debug */,
				A55592811BEA6ABF00BE3241 /* Release */,
			);
			defaultConfigurationIsVisible = 0;
			defaultConfigurationName = Release;
		};
		A55592821BEA6ABF00BE3241 /* Build configuration list for PBXNativeTarget "MyTodoList" */ = {
			isa = XCConfigurationList;
			buildConfigurations = (
				A55592831BEA6ABF00BE3241 /* Debug */,
				A55592841BEA6ABF00BE3241 /* Release */,
			);
			defaultConfigurationIsVisible = 0;
			defaultConfigurationName = Release;
		};
		A55592851BEA6ABF00BE3241 /* Build configuration list for PBXNativeTarget "MyTodoListTests" */ = {
			isa = XCConfigurationList;
			buildConfigurations = (
				A55592861BEA6ABF00BE3241 /* Debug */,
				A55592871BEA6ABF00BE3241 /* Release */,
			);
			defaultConfigurationIsVisible = 0;
			defaultConfigurationName = Release;
		};
		A55592881BEA6ABF00BE3241 /* Build configuration list for PBXNativeTarget "MyTodoListUITests" */ = {
			isa = XCConfigurationList;
			buildConfigurations = (
				A55592891BEA6ABF00BE3241 /* Debug */,
				A555928A1BEA6ABF00BE3241 /* Release */,
			);
			defaultConfigurationIsVisible = 0;
			defaultConfigurationName = Release;
		};
/* End XCConfigurationList section */
	};
	rootObject = A55592521BEA6ABF00BE3241 /* Project object */;
}
